{
  "name": "containership.plugin.cloud",
  "version": "1.0.41",
  "dependencies": {
    "@containership/containership.abstraction.api": {
      "version": "1.0.6"
    },
    "@containership/containership.abstraction.host": {
      "version": "1.0.1"
    },
    "@containership/containership.api-bridge": {
      "version": "1.0.14"
    },
    "@containership/containership.cloud.constants": {
      "version": "1.1.9"
    },
    "@containership/containership.host-types": {
      "version": "1.0.14"
    },
    "@containership/containership.k8s.api-bridge": {
      "version": "1.0.5"
    },
    "@containership/containership.k8s.translator": {
      "version": "1.0.3"
    },
    "@containership/containership.plugin": {
      "version": "1.0.14"
    },
    "ajv": {
      "version": "4.11.8"
    },
    "asn1": {
      "version": "0.2.3"
    },
    "assert-plus": {
      "version": "0.2.0"
    },
    "async": {
      "version": "2.5.0"
    },
    "asynckit": {
      "version": "0.4.0"
    },
    "aws-sdk": {
      "version": "2.85.0"
    },
    "aws-sign2": {
      "version": "0.6.0"
    },
    "aws4": {
      "version": "1.6.0"
    },
    "base64-js": {
      "version": "1.2.0"
    },
    "bcrypt-pbkdf": {
      "version": "1.0.1"
    },
    "bl": {
      "version": "1.2.1"
    },
    "boom": {
      "version": "2.10.1"
    },
    "buffer": {
      "version": "4.9.1"
    },
    "buffer-shims": {
      "version": "1.0.0"
    },
    "caseless": {
      "version": "0.12.0"
    },
    "chownr": {
      "version": "1.0.1"
    },
    "co": {
      "version": "4.6.0"
    },
    "combined-stream": {
      "version": "1.0.5"
    },
    "containership.core.constants": {
      "version": "0.3.0"
    },
    "containership.utils": {
      "version": "0.0.1"
    },
    "core-util-is": {
      "version": "1.0.2"
    },
    "cron-parser": {
      "version": "2.4.0"
    },
    "cryptiles": {
      "version": "2.0.5"
    },
    "crypto-browserify": {
      "version": "1.0.9"
    },
    "dashdash": {
      "version": "1.14.1",
      "dependencies": {
        "assert-plus": {
          "version": "1.0.0"
        }
      }
    },
    "define-properties": {
      "version": "1.1.2"
    },
    "delayed-stream": {
      "version": "1.0.0"
    },
    "ecc-jsbn": {
      "version": "0.1.1"
    },
    "end-of-stream": {
      "version": "1.4.0"
    },
    "events": {
      "version": "1.1.1"
    },
    "extend": {
      "version": "3.0.1"
    },
    "extsprintf": {
      "version": "1.0.2"
    },
    "flat": {
      "version": "2.0.1"
    },
    "foreach": {
      "version": "2.0.5"
    },
    "forever-agent": {
      "version": "0.6.1"
    },
    "form-data": {
      "version": "2.1.4"
    },
    "getpass": {
      "version": "0.1.7",
      "dependencies": {
        "assert-plus": {
          "version": "1.0.0"
        }
      }
    },
    "har-schema": {
      "version": "1.0.5"
    },
    "har-validator": {
      "version": "4.2.1"
    },
    "hashcode": {
      "version": "1.0.3"
    },
    "hawk": {
      "version": "3.1.3"
    },
    "hoek": {
      "version": "2.16.3"
    },
    "http-signature": {
      "version": "1.1.1"
    },
    "ieee754": {
      "version": "1.1.8"
    },
    "inherits": {
      "version": "2.0.3"
    },
    "is-buffer": {
      "version": "1.1.5"
    },
    "is-nan": {
      "version": "1.2.1"
    },
    "is-typedarray": {
      "version": "1.0.0"
    },
    "isarray": {
      "version": "1.0.0"
    },
    "isemail": {
      "version": "1.2.0"
    },
    "isstream": {
      "version": "0.1.2"
    },
    "jmespath": {
      "version": "0.15.0"
    },
    "jodid25519": {
      "version": "1.0.2"
    },
    "joi": {
      "version": "6.10.1"
    },
    "jsbn": {
      "version": "0.1.1"
    },
    "json-schema": {
      "version": "0.2.3"
    },
    "json-stable-stringify": {
      "version": "1.0.1"
    },
    "json-stringify-safe": {
      "version": "5.0.1"
    },
    "jsonify": {
      "version": "0.0.0"
    },
    "jsprim": {
      "version": "1.4.0",
      "dependencies": {
        "assert-plus": {
          "version": "1.0.0"
        }
      }
    },
    "lodash": {
      "version": "4.17.4"
    },
    "long-timeout": {
      "version": "0.1.1"
    },
    "mime-db": {
      "version": "1.27.0"
    },
    "mime-types": {
      "version": "2.1.15"
    },
    "minimist": {
      "version": "0.0.8"
    },
    "mkdirp": {
      "version": "0.5.1"
    },
    "moment": {
      "version": "2.18.1"
    },
    "moment-timezone": {
      "version": "0.5.13"
    },
    "node-schedule": {
      "version": "1.2.3"
    },
    "oauth-sign": {
      "version": "0.8.2"
    },
    "object-keys": {
      "version": "1.0.11"
    },
    "once": {
      "version": "1.4.0"
    },
    "performance-now": {
      "version": "0.2.0"
    },
    "process-nextick-args": {
      "version": "1.0.7"
    },
    "pump": {
      "version": "1.0.2"
    },
    "punycode": {
      "version": "1.3.2"
    },
    "qs": {
      "version": "6.4.0"
    },
    "querystring": {
      "version": "0.2.0"
    },
    "readable-stream": {
      "version": "2.2.9"
    },
    "request": {
      "version": "2.81.0"
    },
    "safe-buffer": {
      "version": "5.0.1"
    },
    "sax": {
      "version": "1.2.1"
    },
    "semver": {
      "version": "5.3.0"
    },
    "sntp": {
      "version": "1.0.9"
    },
    "sorted-array-functions": {
      "version": "1.0.0"
    },
    "sshpk": {
      "version": "1.13.0",
      "dependencies": {
        "assert-plus": {
          "version": "1.0.0"
        }
      }
    },
    "string_decoder": {
      "version": "1.0.1"
    },
    "stringstream": {
      "version": "0.0.5"
    },
    "tar-fs": {
      "version": "1.15.3"
    },
    "tar-stream": {
      "version": "1.5.4"
    },
    "tesserarius": {
      "version": "0.3.2",
      "dependencies": {
        "async": {
          "version": "1.5.2"
        }
      }
    },
    "topo": {
      "version": "1.1.0"
    },
    "tough-cookie": {
      "version": "2.3.2",
      "dependencies": {
        "punycode": {
          "version": "1.4.1"
        }
      }
    },
    "tunnel-agent": {
      "version": "0.6.0"
    },
    "tweetnacl": {
      "version": "0.14.5"
    },
    "url": {
      "version": "0.10.3"
    },
    "util-deprecate": {
      "version": "1.0.2"
    },
    "uuid": {
      "version": "3.0.1"
    },
    "verror": {
      "version": "1.3.6"
    },
    "wrappy": {
      "version": "1.0.2"
    },
    "xml2js": {
      "version": "0.4.17"
    },
    "xmlbuilder": {
      "version": "4.2.1"
    },
    "xtend": {
      "version": "4.0.1"
    }
  }
}
